
Microsoft Visual Studio Solution File, Format Version 12.00
# Visual Studio Version 17
VisualStudioVersion = 17.5.33502.453
MinimumVisualStudioVersion = 10.0.40219.1
Project("{FAE04EC0-301F-11D3-BF4B-00C04F79EFBC}") = "ClientApp", "ClientApp\ClientApp.csproj", "{7ABE9623-A715-4EBC-B1CD-F3DF31817690}"
EndProject
Project("{FAE04EC0-301F-11D3-BF4B-00C04F79EFBC}") = "Server", "Server\Server.csproj", "{7D266528-5319-4597-A856-5C2E73186568}"
EndProject
Project("{FAE04EC0-301F-11D3-BF4B-00C04F79EFBC}") = "CacheProject", "CacheProject\CacheProject.csproj", "{C483E19F-E809-4FB9-8D40-B19A8A162220}"
EndProject
Project("{FAE04EC0-301F-11D3-BF4B-00C04F79EFBC}") = "ModelsDLL", "ModelsDLL\ModelsDLL.csproj", "{4EBA23E9-6973-40E8-917D-2108C0EBC36C}"
EndProject
Global
	GlobalSection(SolutionConfigurationPlatforms) = preSolution
		Debug|Any CPU = Debug|Any CPU
		Release|Any CPU = Release|Any CPU
	EndGlobalSection
	GlobalSection(ProjectConfigurationPlatforms) = postSolution
		{7ABE9623-A715-4EBC-B1CD-F3DF31817690}.Debug|Any CPU.ActiveCfg = Debug|Any CPU
		{7ABE9623-A715-4EBC-B1CD-F3DF31817690}.Debug|Any CPU.Build.0 = Debug|Any CPU
		{7ABE9623-A715-4EBC-B1CD-F3DF31817690}.Release|Any CPU.ActiveCfg = Release|Any CPU
		{7ABE9623-A715-4EBC-B1CD-F3DF31817690}.Release|Any CPU.Build.0 = Release|Any CPU
		{7D266528-5319-4597-A856-5C2E73186568}.Debug|Any CPU.ActiveCfg = Debug|Any CPU
		{7D266528-5319-4597-A856-5C2E73186568}.Debug|Any CPU.Build.0 = Debug|Any CPU
		{7D266528-5319-4597-A856-5C2E73186568}.Release|Any CPU.ActiveCfg = Release|Any CPU
		{7D266528-5319-4597-A856-5C2E73186568}.Release|Any CPU.Build.0 = Release|Any CPU
		{C483E19F-E809-4FB9-8D40-B19A8A162220}.Debug|Any CPU.ActiveCfg = Debug|Any CPU
		{C483E19F-E809-4FB9-8D40-B19A8A162220}.Debug|Any CPU.Build.0 = Debug|Any CPU
		{C483E19F-E809-4FB9-8D40-B19A8A162220}.Release|Any CPU.ActiveCfg = Release|Any CPU
		{C483E19F-E809-4FB9-8D40-B19A8A162220}.Release|Any CPU.Build.0 = Release|Any CPU
		{4EBA23E9-6973-40E8-917D-2108C0EBC36C}.Debug|Any CPU.ActiveCfg = Debug|Any CPU
		{4EBA23E9-6973-40E8-917D-2108C0EBC36C}.Debug|Any CPU.Build.0 = Debug|Any CPU
		{4EBA23E9-6973-40E8-917D-2108C0EBC36C}.Release|Any CPU.ActiveCfg = Release|Any CPU
		{4EBA23E9-6973-40E8-917D-2108C0EBC36C}.Release|Any CPU.Build.0 = Release|Any CPU
	EndGlobalSection
	GlobalSection(SolutionProperties) = preSolution
		HideSolutionNode = FALSE
	EndGlobalSection
	GlobalSection(ExtensibilityGlobals) = postSolution
		SolutionGuid = {ECDD1F90-9678-48FA-8D30-5FA82C0C4C3A}
	EndGlobalSection
EndGlobal
